
Microsoft Visual Studio Solution File, Format Version 12.00
# Visual Studio Version 16
VisualStudioVersion = 16.0.31321.278
MinimumVisualStudioVersion = 10.0.40219.1
Project("{FAE04EC0-301F-11D3-BF4B-00C04F79EFBC}") = "24HourProject_WebAPI", "24HourProject_WebAPI\24HourProject_WebAPI.csproj", "{685A891D-2C7D-4E14-96A7-64220DE2C7DC}"
EndProject
Project("{FAE04EC0-301F-11D3-BF4B-00C04F79EFBC}") = "24HourProject.Data", "24HourProject.Data\24HourProject.Data.csproj", "{F7FF9773-4435-4C8C-953F-EC3606E983F5}"
EndProject
Project("{FAE04EC0-301F-11D3-BF4B-00C04F79EFBC}") = "24HourProject.Services", "24HourProject.Services\24HourProject.Services.csproj", "{BAE577EA-B6B1-4B55-B2F3-16BE3C3F24D8}"
EndProject
Global
	GlobalSection(SolutionConfigurationPlatforms) = preSolution
		Debug|Any CPU = Debug|Any CPU
		Release|Any CPU = Release|Any CPU
	EndGlobalSection
	GlobalSection(ProjectConfigurationPlatforms) = postSolution
		{685A891D-2C7D-4E14-96A7-64220DE2C7DC}.Debug|Any CPU.ActiveCfg = Debug|Any CPU
		{685A891D-2C7D-4E14-96A7-64220DE2C7DC}.Debug|Any CPU.Build.0 = Debug|Any CPU
		{685A891D-2C7D-4E14-96A7-64220DE2C7DC}.Release|Any CPU.ActiveCfg = Release|Any CPU
		{685A891D-2C7D-4E14-96A7-64220DE2C7DC}.Release|Any CPU.Build.0 = Release|Any CPU
		{F7FF9773-4435-4C8C-953F-EC3606E983F5}.Debug|Any CPU.ActiveCfg = Debug|Any CPU
		{F7FF9773-4435-4C8C-953F-EC3606E983F5}.Debug|Any CPU.Build.0 = Debug|Any CPU
		{F7FF9773-4435-4C8C-953F-EC3606E983F5}.Release|Any CPU.ActiveCfg = Release|Any CPU
		{F7FF9773-4435-4C8C-953F-EC3606E983F5}.Release|Any CPU.Build.0 = Release|Any CPU
		{BAE577EA-B6B1-4B55-B2F3-16BE3C3F24D8}.Debug|Any CPU.ActiveCfg = Debug|Any CPU
		{BAE577EA-B6B1-4B55-B2F3-16BE3C3F24D8}.Debug|Any CPU.Build.0 = Debug|Any CPU
		{BAE577EA-B6B1-4B55-B2F3-16BE3C3F24D8}.Release|Any CPU.ActiveCfg = Release|Any CPU
		{BAE577EA-B6B1-4B55-B2F3-16BE3C3F24D8}.Release|Any CPU.Build.0 = Release|Any CPU
	EndGlobalSection
	GlobalSection(SolutionProperties) = preSolution
		HideSolutionNode = FALSE
	EndGlobalSection
	GlobalSection(ExtensibilityGlobals) = postSolution
		SolutionGuid = {4E52B1D6-AFBC-41DC-AE74-6ECA1341BD8C}
	EndGlobalSection
EndGlobal
